
Microsoft Visual Studio Solution File, Format Version 12.00
# Visual Studio Version 17
VisualStudioVersion = 17.5.33424.131
MinimumVisualStudioVersion = 10.0.40219.1
Project("{FAE04EC0-301F-11D3-BF4B-00C04F79EFBC}") = "CPSC481ProjectTest", "CPSC481ProjectTest\CPSC481ProjectTest.csproj", "{52A86E5D-B36C-4EEA-915E-2ED09811FADC}"
EndProject
Global
	GlobalSection(SolutionConfigurationPlatforms) = preSolution
		Debug|Any CPU = Debug|Any CPU
		Release|Any CPU = Release|Any CPU
	EndGlobalSection
	GlobalSection(ProjectConfigurationPlatforms) = postSolution
		{52A86E5D-B36C-4EEA-915E-2ED09811FADC}.Debug|Any CPU.ActiveCfg = Debug|Any CPU
		{52A86E5D-B36C-4EEA-915E-2ED09811FADC}.Debug|Any CPU.Build.0 = Debug|Any CPU
		{52A86E5D-B36C-4EEA-915E-2ED09811FADC}.Release|Any CPU.ActiveCfg = Release|Any CPU
		{52A86E5D-B36C-4EEA-915E-2ED09811FADC}.Release|Any CPU.Build.0 = Release|Any CPU
	EndGlobalSection
	GlobalSection(SolutionProperties) = preSolution
		HideSolutionNode = FALSE
	EndGlobalSection
	GlobalSection(ExtensibilityGlobals) = postSolution
		SolutionGuid = {2090E480-A83E-4851-A970-F78E7CEDC7AA}
	EndGlobalSection
EndGlobal
